{
  "name": "presentio-serverless",
  "lockfileVersion": 3,
  "requires": true,
  "packages": {
    "": {
      "devDependencies": {
        "serverless-functions-base-path": "^1.0.33"
      }
    },
    "node_modules/serverless-functions-base-path": {
      "version": "1.0.33",
      "resolved": "https://registry.npmjs.org/serverless-functions-base-path/-/serverless-functions-base-path-1.0.33.tgz",
      "integrity": "sha512-UX2UIt4Bm9W2EdYgTg3nkdKVtALEpSnMAqBIRRE2aiagvna+3082sbNbfG5oRjsGOqppvdu3FaUDam6W/d+FQQ==",
      "dev": true
    }
  }
}
